
Microsoft Visual Studio Solution File, Format Version 12.00
# Visual Studio Version 17
VisualStudioVersion = 17.5.33627.172
MinimumVisualStudioVersion = 10.0.40219.1
Project("{FAE04EC0-301F-11D3-BF4B-00C04F79EFBC}") = "AsynchronousTask", "AsynchronousTask\AsynchronousTask.csproj", "{4A22A7C7-1A37-4692-8672-70CD7300D67E}"
EndProject
Global
	GlobalSection(SolutionConfigurationPlatforms) = preSolution
		Debug|Any CPU = Debug|Any CPU
		Release|Any CPU = Release|Any CPU
	EndGlobalSection
	GlobalSection(ProjectConfigurationPlatforms) = postSolution
		{4A22A7C7-1A37-4692-8672-70CD7300D67E}.Debug|Any CPU.ActiveCfg = Debug|Any CPU
		{4A22A7C7-1A37-4692-8672-70CD7300D67E}.Debug|Any CPU.Build.0 = Debug|Any CPU
		{4A22A7C7-1A37-4692-8672-70CD7300D67E}.Release|Any CPU.ActiveCfg = Release|Any CPU
		{4A22A7C7-1A37-4692-8672-70CD7300D67E}.Release|Any CPU.Build.0 = Release|Any CPU
	EndGlobalSection
	GlobalSection(SolutionProperties) = preSolution
		HideSolutionNode = FALSE
	EndGlobalSection
	GlobalSection(ExtensibilityGlobals) = postSolution
		SolutionGuid = {BE098220-4B47-4BEF-8443-7940E2D589F7}
	EndGlobalSection
EndGlobal
